
Microsoft Visual Studio Solution File, Format Version 12.00
# Visual Studio Version 17
VisualStudioVersion = 17.10.35027.167
MinimumVisualStudioVersion = 10.0.40219.1
Project("{FAE04EC0-301F-11D3-BF4B-00C04F79EFBC}") = "BMIapp", "BMIapp\BMIapp.csproj", "{8682DF3E-8DED-4802-A6A2-ED2E42D00796}"
EndProject
Global
	GlobalSection(SolutionConfigurationPlatforms) = preSolution
		Debug|Any CPU = Debug|Any CPU
		Release|Any CPU = Release|Any CPU
	EndGlobalSection
	GlobalSection(ProjectConfigurationPlatforms) = postSolution
		{8682DF3E-8DED-4802-A6A2-ED2E42D00796}.Debug|Any CPU.ActiveCfg = Debug|Any CPU
		{8682DF3E-8DED-4802-A6A2-ED2E42D00796}.Debug|Any CPU.Build.0 = Debug|Any CPU
		{8682DF3E-8DED-4802-A6A2-ED2E42D00796}.Debug|Any CPU.Deploy.0 = Debug|Any CPU
		{8682DF3E-8DED-4802-A6A2-ED2E42D00796}.Release|Any CPU.ActiveCfg = Release|Any CPU
		{8682DF3E-8DED-4802-A6A2-ED2E42D00796}.Release|Any CPU.Build.0 = Release|Any CPU
		{8682DF3E-8DED-4802-A6A2-ED2E42D00796}.Release|Any CPU.Deploy.0 = Release|Any CPU
	EndGlobalSection
	GlobalSection(SolutionProperties) = preSolution
		HideSolutionNode = FALSE
	EndGlobalSection
	GlobalSection(ExtensibilityGlobals) = postSolution
		SolutionGuid = {67B43019-0423-4A87-839B-0097C48D7EDF}
	EndGlobalSection
EndGlobal
